// !$*UTF8*$!
{
	archiveVersion = 1;
	classes = {
	};
	objectVersion = 46;
	objects = {

/* Begin PBXBuildFile section */
		E4C6BBC61BDED08100B967C0 /* AppDelegate.swift in Sources */ = {isa = PBXBuildFile; fileRef = E4C6BBC51BDED08100B967C0 /* AppDelegate.swift */; };
		E4C6BBC81BDED08100B967C0 /* ViewController.swift in Sources */ = {isa = PBXBuildFile; fileRef = E4C6BBC71BDED08100B967C0 /* ViewController.swift */; };
		E4C6BBCB1BDED08100B967C0 /* Main.storyboard in Resources */ = {isa = PBXBuildFile; fileRef = E4C6BBC91BDED08100B967C0 /* Main.storyboard */; };
		E4C6BBCD1BDED08100B967C0 /* Assets.xcassets in Resources */ = {isa = PBXBuildFile; fileRef = E4C6BBCC1BDED08100B967C0 /* Assets.xcassets */; };
		E4C6BBD01BDED08100B967C0 /* LaunchScreen.storyboard in Resources */ = {isa = PBXBuildFile; fileRef = E4C6BBCE1BDED08100B967C0 /* LaunchScreen.storyboard */; };
		E4C6BBDB1BDED08200B967C0 /* cursoSwiftTests.swift in Sources */ = {isa = PBXBuildFile; fileRef = E4C6BBDA1BDED08200B967C0 /* cursoSwiftTests.swift */; };
		E4C6BBE61BDED08200B967C0 /* cursoSwiftUITests.swift in Sources */ = {isa = PBXBuildFile; fileRef = E4C6BBE51BDED08200B967C0 /* cursoSwiftUITests.swift */; };
/* End PBXBuildFile section */

/* Begin PBXContainerItemProxy section */
		E4C6BBD71BDED08200B967C0 /* PBXContainerItemProxy */ = {
			isa = PBXContainerItemProxy;
			containerPortal = E4C6BBBA1BDED08100B967C0 /* Project object */;
			proxyType = 1;
			remoteGlobalIDString = E4C6BBC11BDED08100B967C0;
			remoteInfo = cursoSwift;
		};
		E4C6BBE21BDED08200B967C0 /* PBXContainerItemProxy */ = {
			isa = PBXContainerItemProxy;
			containerPortal = E4C6BBBA1BDED08100B967C0 /* Project object */;
			proxyType = 1;
			remoteGlobalIDString = E4C6BBC11BDED08100B967C0;
			remoteInfo = cursoSwift;
		};
/* End PBXContainerItemProxy section */

/* Begin PBXFileReference section */
		E4C6BBC21BDED08100B967C0 /* cursoSwift.app */ = {isa = PBXFileReference; explicitFileType = wrapper.application; includeInIndex = 0; path = cursoSwift.app; sourceTree = BUILT_PRODUCTS_DIR; };
		E4C6BBC51BDED08100B967C0 /* AppDelegate.swift */ = {isa = PBXFileReference; lastKnownFileType = sourcecode.swift; path = AppDelegate.swift; sourceTree = "<group>"; };
		E4C6BBC71BDED08100B967C0 /* ViewController.swift */ = {isa = PBXFileReference; lastKnownFileType = sourcecode.swift; path = ViewController.swift; sourceTree = "<group>"; };
		E4C6BBCA1BDED08100B967C0 /* Base */ = {isa = PBXFileReference; lastKnownFileType = file.storyboard; name = Base; path = Base.lproj/Main.storyboard; sourceTree = "<group>"; };
		E4C6BBCC1BDED08100B967C0 /* Assets.xcassets */ = {isa = PBXFileReference; lastKnownFileType = folder.assetcatalog; path = Assets.xcassets; sourceTree = "<group>"; };
		E4C6BBCF1BDED08100B967C0 /* Base */ = {isa = PBXFileReference; lastKnownFileType = file.storyboard; name = Base; path = Base.lproj/LaunchScreen.storyboard; sourceTree = "<group>"; };
		E4C6BBD11BDED08100B967C0 /* Info.plist */ = {isa = PBXFileReference; lastKnownFileType = text.plist.xml; path = Info.plist; sourceTree = "<group>"; };
		E4C6BBD61BDED08200B967C0 /* cursoSwiftTests.xctest */ = {isa = PBXFileReference; explicitFileType = wrapper.cfbundle; includeInIndex = 0; path = cursoSwiftTests.xctest; sourceTree = BUILT_PRODUCTS_DIR; };
		E4C6BBDA1BDED08200B967C0 /* cursoSwiftTests.swift */ = {isa = PBXFileReference; lastKnownFileType = sourcecode.swift; path = cursoSwiftTests.swift; sourceTree = "<group>"; };
		E4C6BBDC1BDED08200B967C0 /* Info.plist */ = {isa = PBXFileReference; lastKnownFileType = text.plist.xml; path = Info.plist; sourceTree = "<group>"; };
		E4C6BBE11BDED08200B967C0 /* cursoSwiftUITests.xctest */ = {isa = PBXFileReference; explicitFileType = wrapper.cfbundle; includeInIndex = 0; path = cursoSwiftUITests.xctest; sourceTree = BUILT_PRODUCTS_DIR; };
		E4C6BBE51BDED08200B967C0 /* cursoSwiftUITests.swift */ = {isa = PBXFileReference; lastKnownFileType = sourcecode.swift; path = cursoSwiftUITests.swift; sourceTree = "<group>"; };
		E4C6BBE71BDED08200B967C0 /* Info.plist */ = {isa = PBXFileReference; lastKnownFileType = text.plist.xml; path = Info.plist; sourceTree = "<group>"; };
/* End PBXFileReference section */

/* Begin PBXFrameworksBuildPhase section */
		E4C6BBBF1BDED08100B967C0 /* Frameworks */ = {
			isa = PBXFrameworksBuildPhase;
			buildActionMask = 2147483647;
			files = (
			);
			runOnlyForDeploymentPostprocessing = 0;
		};
		E4C6BBD31BDED08200B967C0 /* Frameworks */ = {
			isa = PBXFrameworksBuildPhase;
			buildActionMask = 2147483647;
			files = (
			);
			runOnlyForDeploymentPostprocessing = 0;
		};
		E4C6BBDE1BDED08200B967C0 /* Frameworks */ = {
			isa = PBXFrameworksBuildPhase;
			buildActionMask = 2147483647;
			files = (
			);
			runOnlyForDeploymentPostprocessing = 0;
		};
/* End PBXFrameworksBuildPhase section */

/* Begin PBXGroup section */
		E4C6BBB91BDED08000B967C0 = {
			isa = PBXGroup;
			children = (
				E4C6BBC41BDED08100B967C0 /* cursoSwift */,
				E4C6BBD91BDED08200B967C0 /* cursoSwiftTests */,
				E4C6BBE41BDED08200B967C0 /* cursoSwiftUITests */,
				E4C6BBC31BDED08100B967C0 /* Products */,
			);
			sourceTree = "<group>";
		};
		E4C6BBC31BDED08100B967C0 /* Products */ = {
			isa = PBXGroup;
			children = (
				E4C6BBC21BDED08100B967C0 /* cursoSwift.app */,
				E4C6BBD61BDED08200B967C0 /* cursoSwiftTests.xctest */,
				E4C6BBE11BDED08200B967C0 /* cursoSwiftUITests.xctest */,
			);
			name = Products;
			sourceTree = "<group>";
		};
		E4C6BBC41BDED08100B967C0 /* cursoSwift */ = {
			isa = PBXGroup;
			children = (
				E4C6BBC51BDED08100B967C0 /* AppDelegate.swift */,
				E4C6BBC71BDED08100B967C0 /* ViewController.swift */,
				E4C6BBC91BDED08100B967C0 /* Main.storyboard */,
				E4C6BBCC1BDED08100B967C0 /* Assets.xcassets */,
				E4C6BBCE1BDED08100B967C0 /* LaunchScreen.storyboard */,
				E4C6BBD11BDED08100B967C0 /* Info.plist */,
			);
			path = cursoSwift;
			sourceTree = "<group>";
		};
		E4C6BBD91BDED08200B967C0 /* cursoSwiftTests */ = {
			isa = PBXGroup;
			children = (
				E4C6BBDA1BDED08200B967C0 /* cursoSwiftTests.swift */,
				E4C6BBDC1BDED08200B967C0 /* Info.plist */,
			);
			path = cursoSwiftTests;
			sourceTree = "<group>";
		};
		E4C6BBE41BDED08200B967C0 /* cursoSwiftUITests */ = {
			isa = PBXGroup;
			children = (
				E4C6BBE51BDED08200B967C0 /* cursoSwiftUITests.swift */,
				E4C6BBE71BDED08200B967C0 /* Info.plist */,
			);
			path = cursoSwiftUITests;
			sourceTree = "<group>";
		};
/* End PBXGroup section */

/* Begin PBXNativeTarget section */
		E4C6BBC11BDED08100B967C0 /* cursoSwift */ = {
			isa = PBXNativeTarget;
			buildConfigurationList = E4C6BBEA1BDED08200B967C0 /* Build configuration list for PBXNativeTarget "cursoSwift" */;
			buildPhases = (
				E4C6BBBE1BDED08100B967C0 /* Sources */,
				E4C6BBBF1BDED08100B967C0 /* Frameworks */,
				E4C6BBC01BDED08100B967C0 /* Resources */,
			);
			buildRules = (
			);
			dependencies = (
			);
			name = cursoSwift;
			productName = cursoSwift;
			productReference = E4C6BBC21BDED08100B967C0 /* cursoSwift.app */;
			productType = "com.apple.product-type.application";
		};
		E4C6BBD51BDED08200B967C0 /* cursoSwiftTests */ = {
			isa = PBXNativeTarget;
			buildConfigurationList = E4C6BBED1BDED08200B967C0 /* Build configuration list for PBXNativeTarget "cursoSwiftTests" */;
			buildPhases = (
				E4C6BBD21BDED08200B967C0 /* Sources */,
				E4C6BBD31BDED08200B967C0 /* Frameworks */,
				E4C6BBD41BDED08200B967C0 /* Resources */,
			);
			buildRules = (
			);
			dependencies = (
				E4C6BBD81BDED08200B967C0 /* PBXTargetDependency */,
			);
			name = cursoSwiftTests;
			productName = cursoSwiftTests;
			productReference = E4C6BBD61BDED08200B967C0 /* cursoSwiftTests.xctest */;
			productType = "com.apple.product-type.bundle.unit-test";
		};
		E4C6BBE01BDED08200B967C0 /* cursoSwiftUITests */ = {
			isa = PBXNativeTarget;
			buildConfigurationList = E4C6BBF01BDED08200B967C0 /* Build configuration list for PBXNativeTarget "cursoSwiftUITests" */;
			buildPhases = (
				E4C6BBDD1BDED08200B967C0 /* Sources */,
				E4C6BBDE1BDED08200B967C0 /* Frameworks */,
				E4C6BBDF1BDED08200B967C0 /* Resources */,
			);
			buildRules = (
			);
			dependencies = (
				E4C6BBE31BDED08200B967C0 /* PBXTargetDependency */,
			);
			name = cursoSwiftUITests;
			productName = cursoSwiftUITests;
			productReference = E4C6BBE11BDED08200B967C0 /* cursoSwiftUITests.xctest */;
			productType = "com.apple.product-type.bundle.ui-testing";
		};
/* End PBXNativeTarget section */

/* Begin PBXProject section */
		E4C6BBBA1BDED08100B967C0 /* Project object */ = {
			isa = PBXProject;
			attributes = {
				LastUpgradeCheck = 0700;
				ORGANIZATIONNAME = "Víctor Javier Martín Gómez";
				TargetAttributes = {
					E4C6BBC11BDED08100B967C0 = {
						CreatedOnToolsVersion = 7.0.1;
					};
					E4C6BBD51BDED08200B967C0 = {
						CreatedOnToolsVersion = 7.0.1;
						TestTargetID = E4C6BBC11BDED08100B967C0;
					};
					E4C6BBE01BDED08200B967C0 = {
						CreatedOnToolsVersion = 7.0.1;
						TestTargetID = E4C6BBC11BDED08100B967C0;
					};
				};
			};
			buildConfigurationList = E4C6BBBD1BDED08100B967C0 /* Build configuration list for PBXProject "cursoSwift" */;
			compatibilityVersion = "Xcode 3.2";
			developmentRegion = English;
			hasScannedForEncodings = 0;
			knownRegions = (
				en,
				Base,
			);
			mainGroup = E4C6BBB91BDED08000B967C0;
			productRefGroup = E4C6BBC31BDED08100B967C0 /* Products */;
			projectDirPath = "";
			projectRoot = "";
			targets = (
				E4C6BBC11BDED08100B967C0 /* cursoSwift */,
				E4C6BBD51BDED08200B967C0 /* cursoSwiftTests */,
				E4C6BBE01BDED08200B967C0 /* cursoSwiftUITests */,
			);
		};
/* End PBXProject section */

/* Begin PBXResourcesBuildPhase section */
		E4C6BBC01BDED08100B967C0 /* Resources */ = {
			isa = PBXResourcesBuildPhase;
			buildActionMask = 2147483647;
			files = (
				E4C6BBD01BDED08100B967C0 /* LaunchScreen.storyboard in Resources */,
				E4C6BBCD1BDED08100B967C0 /* Assets.xcassets in Resources */,
				E4C6BBCB1BDED08100B967C0 /* Main.storyboard in Resources */,
			);
			runOnlyForDeploymentPostprocessing = 0;
		};
		E4C6BBD41BDED08200B967C0 /* Resources */ = {
			isa = PBXResourcesBuildPhase;
			buildActionMask = 2147483647;
			files = (
			);
			runOnlyForDeploymentPostprocessing = 0;
		};
		E4C6BBDF1BDED08200B967C0 /* Resources */ = {
			isa = PBXResourcesBuildPhase;
			buildActionMask = 2147483647;
			files = (
			);
			runOnlyForDeploymentPostprocessing = 0;
		};
/* End PBXResourcesBuildPhase section */

/* Begin PBXSourcesBuildPhase section */
		E4C6BBBE1BDED08100B967C0 /* Sources */ = {
			isa = PBXSourcesBuildPhase;
			buildActionMask = 2147483647;
			files = (
				E4C6BBC81BDED08100B967C0 /* ViewController.swift in Sources */,
				E4C6BBC61BDED08100B967C0 /* AppDelegate.swift in Sources */,
			);
			runOnlyForDeploymentPostprocessing = 0;
		};
		E4C6BBD21BDED08200B967C0 /* Sources */ = {
			isa = PBXSourcesBuildPhase;
			buildActionMask = 2147483647;
			files = (
				E4C6BBDB1BDED08200B967C0 /* cursoSwiftTests.swift in Sources */,
			);
			runOnlyForDeploymentPostprocessing = 0;
		};
		E4C6BBDD1BDED08200B967C0 /* Sources */ = {
			isa = PBXSourcesBuildPhase;
			buildActionMask = 2147483647;
			files = (
				E4C6BBE61BDED08200B967C0 /* cursoSwiftUITests.swift in Sources */,
			);
			runOnlyForDeploymentPostprocessing = 0;
		};
/* End PBXSourcesBuildPhase section */

/* Begin PBXTargetDependency section */
		E4C6BBD81BDED08200B967C0 /* PBXTargetDependency */ = {
			isa = PBXTargetDependency;
			target = E4C6BBC11BDED08100B967C0 /* cursoSwift */;
			targetProxy = E4C6BBD71BDED08200B967C0 /* PBXContainerItemProxy */;
		};
		E4C6BBE31BDED08200B967C0 /* PBXTargetDependency */ = {
			isa = PBXTargetDependency;
			target = E4C6BBC11BDED08100B967C0 /* cursoSwift */;
			targetProxy = E4C6BBE21BDED08200B967C0 /* PBXContainerItemProxy */;
		};
/* End PBXTargetDependency section */

/* Begin PBXVariantGroup section */
		E4C6BBC91BDED08100B967C0 /* Main.storyboard */ = {
			isa = PBXVariantGroup;
			children = (
				E4C6BBCA1BDED08100B967C0 /* Base */,
			);
			name = Main.storyboard;
			sourceTree = "<group>";
		};
		E4C6BBCE1BDED08100B967C0 /* LaunchScreen.storyboard */ = {
			isa = PBXVariantGroup;
			children = (
				E4C6BBCF1BDED08100B967C0 /* Base */,
			);
			name = LaunchScreen.storyboard;
			sourceTree = "<group>";
		};
/* End PBXVariantGroup section */

/* Begin XCBuildConfiguration section */
		E4C6BBE81BDED08200B967C0 /* Debug */ = {
			isa = XCBuildConfiguration;
			buildSettings = {
				ALWAYS_SEARCH_USER_PATHS = NO;
				CLANG_CXX_LANGUAGE_STANDARD = "gnu++0x";
				CLANG_CXX_LIBRARY = "libc++";
				CLANG_ENABLE_MODULES = YES;
				CLANG_ENABLE_OBJC_ARC = YES;
				CLANG_WARN_BOOL_CONVERSION = YES;
				CLANG_WARN_CONSTANT_CONVERSION = YES;
				CLANG_WARN_DIRECT_OBJC_ISA_USAGE = YES_ERROR;
				CLANG_WARN_EMPTY_BODY = YES;
				CLANG_WARN_ENUM_CONVERSION = YES;
				CLANG_WARN_INT_CONVERSION = YES;
				CLANG_WARN_OBJC_ROOT_CLASS = YES_ERROR;
				CLANG_WARN_UNREACHABLE_CODE = YES;
				CLANG_WARN__DUPLICATE_METHOD_MATCH = YES;
				"CODE_SIGN_IDENTITY[sdk=iphoneos*]" = "iPhone Developer";
				COPY_PHASE_STRIP = NO;
				DEBUG_INFORMATION_FORMAT = dwarf;
				ENABLE_STRICT_OBJC_MSGSEND = YES;
				ENABLE_TESTABILITY = YES;
				GCC_C_LANGUAGE_STANDARD = gnu99;
				GCC_DYNAMIC_NO_PIC = NO;
				GCC_NO_COMMON_BLOCKS = YES;
				GCC_OPTIMIZATION_LEVEL = 0;
				GCC_PREPROCESSOR_DEFINITIONS = (
					"DEBUG=1",
					"$(inherited)",
				);
				GCC_WARN_64_TO_32_BIT_CONVERSION = YES;
				GCC_WARN_ABOUT_RETURN_TYPE = YES_ERROR;
				GCC_WARN_UNDECLARED_SELECTOR = YES;
				GCC_WARN_UNINITIALIZED_AUTOS = YES_AGGRESSIVE;
				GCC_WARN_UNUSED_FUNCTION = YES;
				GCC_WARN_UNUSED_VARIABLE = YES;
				IPHONEOS_DEPLOYMENT_TARGET = 9.0;
				MTL_ENABLE_DEBUG_INFO = YES;
				ONLY_ACTIVE_ARCH = YES;
				SDKROOT = iphoneos;
				SWIFT_OPTIMIZATION_LEVEL = "-Onone";
				TARGETED_DEVICE_FAMILY = "1,2";
			};
			name = Debug;
		};
		E4C6BBE91BDED08200B967C0 /* Release */ = {
			isa = XCBuildConfiguration;
			buildSettings = {
				ALWAYS_SEARCH_USER_PATHS = NO;
				CLANG_CXX_LANGUAGE_STANDARD = "gnu++0x";
				CLANG_CXX_LIBRARY = "libc++";
				CLANG_ENABLE_MODULES = YES;
				CLANG_ENABLE_OBJC_ARC = YES;
				CLANG_WARN_BOOL_CONVERSION = YES;
				CLANG_WARN_CONSTANT_CONVERSION = YES;
				CLANG_WARN_DIRECT_OBJC_ISA_USAGE = YES_ERROR;
				CLANG_WARN_EMPTY_BODY = YES;
				CLANG_WARN_ENUM_CONVERSION = YES;
				CLANG_WARN_INT_CONVERSION = YES;
				CLANG_WARN_OBJC_ROOT_CLASS = YES_ERROR;
				CLANG_WARN_UNREACHABLE_CODE = YES;
				CLANG_WARN__DUPLICATE_METHOD_MATCH = YES;
				"CODE_SIGN_IDENTITY[sdk=iphoneos*]" = "iPhone Developer";
				COPY_PHASE_STRIP = NO;
				DEBUG_INFORMATION_FORMAT = "dwarf-with-dsym";
				ENABLE_NS_ASSERTIONS = NO;
				ENABLE_STRICT_OBJC_MSGSEND = YES;
				GCC_C_LANGUAGE_STANDARD = gnu99;
				GCC_NO_COMMON_BLOCKS = YES;
				GCC_WARN_64_TO_32_BIT_CONVERSION = YES;
				GCC_WARN_ABOUT_RETURN_TYPE = YES_ERROR;
				GCC_WARN_UNDECLARED_SELECTOR = YES;
				GCC_WARN_UNINITIALIZED_AUTOS = YES_AGGRESSIVE;
				GCC_WARN_UNUSED_FUNCTION = YES;
				GCC_WARN_UNUSED_VARIABLE = YES;
				IPHONEOS_DEPLOYMENT_TARGET = 9.0;
				MTL_ENABLE_DEBUG_INFO = NO;
				SDKROOT = iphoneos;
				TARGETED_DEVICE_FAMILY = "1,2";
				VALIDATE_PRODUCT = YES;
			};
			name = Release;
		};
		E4C6BBEB1BDED08200B967C0 /* Debug */ = {
			isa = XCBuildConfiguration;
			buildSettings = {
				ASSETCATALOG_COMPILER_APPICON_NAME = AppIcon;
				INFOPLIST_FILE = cursoSwift/Info.plist;
				LD_RUNPATH_SEARCH_PATHS = "$(inherited) @executable_path/Frameworks";
				PRODUCT_BUNDLE_IDENTIFIER = VJ.cursoSwift;
				PRODUCT_NAME = "$(TARGET_NAME)";
			};
			name = Debug;
		};
		E4C6BBEC1BDED08200B967C0 /* Release */ = {
			isa = XCBuildConfiguration;
			buildSettings = {
				ASSETCATALOG_COMPILER_APPICON_NAME = AppIcon;
				INFOPLIST_FILE = cursoSwift/Info.plist;
				LD_RUNPATH_SEARCH_PATHS = "$(inherited) @executable_path/Frameworks";
				PRODUCT_BUNDLE_IDENTIFIER = VJ.cursoSwift;
				PRODUCT_NAME = "$(TARGET_NAME)";
			};
			name = Release;
		};
		E4C6BBEE1BDED08200B967C0 /* Debug */ = {
			isa = XCBuildConfiguration;
			buildSettings = {
				BUNDLE_LOADER = "$(TEST_HOST)";
				INFOPLIST_FILE = cursoSwiftTests/Info.plist;
				LD_RUNPATH_SEARCH_PATHS = "$(inherited) @executable_path/Frameworks @loader_path/Frameworks";
				PRODUCT_BUNDLE_IDENTIFIER = VJ.cursoSwiftTests;
				PRODUCT_NAME = "$(TARGET_NAME)";
				TEST_HOST = "$(BUILT_PRODUCTS_DIR)/cursoSwift.app/cursoSwift";
			};
			name = Debug;
		};
		E4C6BBEF1BDED08200B967C0 /* Release */ = {
			isa = XCBuildConfiguration;
			buildSettings = {
				BUNDLE_LOADER = "$(TEST_HOST)";
				INFOPLIST_FILE = cursoSwiftTests/Info.plist;
				LD_RUNPATH_SEARCH_PATHS = "$(inherited) @executable_path/Frameworks @loader_path/Frameworks";
				PRODUCT_BUNDLE_IDENTIFIER = VJ.cursoSwiftTests;
				PRODUCT_NAME = "$(TARGET_NAME)";
				TEST_HOST = "$(BUILT_PRODUCTS_DIR)/cursoSwift.app/cursoSwift";
			};
			name = Release;
		};
		E4C6BBF11BDED08200B967C0 /* Debug */ = {
			isa = XCBuildConfiguration;
			buildSettings = {
				INFOPLIST_FILE = cursoSwiftUITests/Info.plist;
				LD_RUNPATH_SEARCH_PATHS = "$(inherited) @executable_path/Frameworks @loader_path/Frameworks";
				PRODUCT_BUNDLE_IDENTIFIER = VJ.cursoSwiftUITests;
				PRODUCT_NAME = "$(TARGET_NAME)";
				TEST_TARGET_NAME = cursoSwift;
				USES_XCTRUNNER = YES;
			};
			name = Debug;
		};
		E4C6BBF21BDED08200B967C0 /* Release */ = {
			isa = XCBuildConfiguration;
			buildSettings = {
				INFOPLIST_FILE = cursoSwiftUITests/Info.plist;
				LD_RUNPATH_SEARCH_PATHS = "$(inherited) @executable_path/Frameworks @loader_path/Frameworks";
				PRODUCT_BUNDLE_IDENTIFIER = VJ.cursoSwiftUITests;
				PRODUCT_NAME = "$(TARGET_NAME)";
				TEST_TARGET_NAME = cursoSwift;
				USES_XCTRUNNER = YES;
			};
			name = Release;
		};
/* End XCBuildConfiguration section */

/* Begin XCConfigurationList section */
		E4C6BBBD1BDED08100B967C0 /* Build configuration list for PBXProject "cursoSwift" */ = {
			isa = XCConfigurationList;
			buildConfigurations = (
				E4C6BBE81BDED08200B967C0 /* Debug */,
				E4C6BBE91BDED08200B967C0 /* Release */,
			);
			defaultConfigurationIsVisible = 0;
			defaultConfigurationName = Release;
		};
		E4C6BBEA1BDED08200B967C0 /* Build configuration list for PBXNativeTarget "cursoSwift" */ = {
			isa = XCConfigurationList;
			buildConfigurations = (
				E4C6BBEB1BDED08200B967C0 /* Debug */,
				E4C6BBEC1BDED08200B967C0 /* Release */,
			);
			defaultConfigurationIsVisible = 0;
		};
		E4C6BBED1BDED08200B967C0 /* Build configuration list for PBXNativeTarget "cursoSwiftTests" */ = {
			isa = XCConfigurationList;
			buildConfigurations = (
				E4C6BBEE1BDED08200B967C0 /* Debug */,
				E4C6BBEF1BDED08200B967C0 /* Release */,
			);
			defaultConfigurationIsVisible = 0;
		};
		E4C6BBF01BDED08200B967C0 /* Build configuration list for PBXNativeTarget "cursoSwiftUITests" */ = {
			isa = XCConfigurationList;
			buildConfigurations = (
				E4C6BBF11BDED08200B967C0 /* Debug */,
				E4C6BBF21BDED08200B967C0 /* Release */,
			);
			defaultConfigurationIsVisible = 0;
		};
/* End XCConfigurationList section */
	};
	rootObject = E4C6BBBA1BDED08100B967C0 /* Project object */;
}
